Microsoft Visual Studio Solution File, Format Version 12.00
# Visual Studio Version 17
VisualStudioVersion = 17.5.2.0
MinimumVisualStudioVersion = 10.0.40219.1
Project("{FAE04EC0-301F-11D3-BF4B-00C04F79EFBC}") = "GetBrowserUrlNetTool", "GetBrowserUrlNetTool\GetBrowserUrlNetTool.csproj", "{CA16EFE0-85F4-197F-FEF1-F9680A96E634}"
EndProject
Global
	GlobalSection(SolutionConfigurationPlatforms) = preSolution
		Debug|Any CPU = Debug|Any CPU
		Release|Any CPU = Release|Any CPU
	EndGlobalSection
	GlobalSection(ProjectConfigurationPlatforms) = postSolution
		{CA16EFE0-85F4-197F-FEF1-F9680A96E634}.Debug|Any CPU.ActiveCfg = Debug|Any CPU
		{CA16EFE0-85F4-197F-FEF1-F9680A96E634}.Debug|Any CPU.Build.0 = Debug|Any CPU
		{CA16EFE0-85F4-197F-FEF1-F9680A96E634}.Release|Any CPU.ActiveCfg = Release|Any CPU
		{CA16EFE0-85F4-197F-FEF1-F9680A96E634}.Release|Any CPU.Build.0 = Release|Any CPU
	EndGlobalSection
	GlobalSection(SolutionProperties) = preSolution
		HideSolutionNode = FALSE
	EndGlobalSection
	GlobalSection(ExtensibilityGlobals) = postSolution
		SolutionGuid = {8BE74BAA-E11B-4D0F-9616-E6EEF7F9BB2F}
	EndGlobalSection
EndGlobal
